
Microsoft Visual Studio Solution File, Format Version 12.00
# Visual Studio Version 16
VisualStudioVersion = 16.0.32413.511
MinimumVisualStudioVersion = 10.0.40219.1
Project("{FAE04EC0-301F-11D3-BF4B-00C04F79EFBC}") = "VS_Webpage_Assignment", "VS_Webpage_Assignment.csproj", "{F892E4F4-C033-4F7C-971D-BF3300676829}"
EndProject
Global
	GlobalSection(SolutionConfigurationPlatforms) = preSolution
		Debug|Any CPU = Debug|Any CPU
		Release|Any CPU = Release|Any CPU
	EndGlobalSection
	GlobalSection(ProjectConfigurationPlatforms) = postSolution
		{F892E4F4-C033-4F7C-971D-BF3300676829}.Debug|Any CPU.ActiveCfg = Debug|Any CPU
		{F892E4F4-C033-4F7C-971D-BF3300676829}.Debug|Any CPU.Build.0 = Debug|Any CPU
		{F892E4F4-C033-4F7C-971D-BF3300676829}.Release|Any CPU.ActiveCfg = Release|Any CPU
		{F892E4F4-C033-4F7C-971D-BF3300676829}.Release|Any CPU.Build.0 = Release|Any CPU
	EndGlobalSection
	GlobalSection(SolutionProperties) = preSolution
		HideSolutionNode = FALSE
	EndGlobalSection
	GlobalSection(ExtensibilityGlobals) = postSolution
		SolutionGuid = {A52A3624-1B2B-4CA7-B4BA-A25DB2EF0982}
	EndGlobalSection
EndGlobal
